
Microsoft Visual Studio Solution File, Format Version 12.00
# Visual Studio Version 17
VisualStudioVersion = 17.4.33213.308
MinimumVisualStudioVersion = 10.0.40219.1
Project("{FAE04EC0-301F-11D3-BF4B-00C04F79EFBC}") = "CashMachine", "CashMachine.csproj", "{42B1DDB8-029F-4E31-BD19-B8DC9596ED00}"
EndProject
Global
	GlobalSection(SolutionConfigurationPlatforms) = preSolution
		Debug|Any CPU = Debug|Any CPU
		Release|Any CPU = Release|Any CPU
	EndGlobalSection
	GlobalSection(ProjectConfigurationPlatforms) = postSolution
		{42B1DDB8-029F-4E31-BD19-B8DC9596ED00}.Debug|Any CPU.ActiveCfg = Debug|Any CPU
		{42B1DDB8-029F-4E31-BD19-B8DC9596ED00}.Debug|Any CPU.Build.0 = Debug|Any CPU
		{42B1DDB8-029F-4E31-BD19-B8DC9596ED00}.Release|Any CPU.ActiveCfg = Release|Any CPU
		{42B1DDB8-029F-4E31-BD19-B8DC9596ED00}.Release|Any CPU.Build.0 = Release|Any CPU
	EndGlobalSection
	GlobalSection(SolutionProperties) = preSolution
		HideSolutionNode = FALSE
	EndGlobalSection
	GlobalSection(ExtensibilityGlobals) = postSolution
		SolutionGuid = {FE8A94D6-66DE-4FC4-BBC3-F8FA47683689}
	EndGlobalSection
EndGlobal
